
Microsoft Visual Studio Solution File, Format Version 12.00
# Visual Studio Version 17
VisualStudioVersion = 17.9.34616.47
MinimumVisualStudioVersion = 10.0.40219.1
Project("{FAE04EC0-301F-11D3-BF4B-00C04F79EFBC}") = "WMLSD", "WMLSD\WMLSD.csproj", "{A9C49ADF-39B6-4172-8FDC-739C3192E2C4}"
EndProject
Global
	GlobalSection(SolutionConfigurationPlatforms) = preSolution
		Debug|Any CPU = Debug|Any CPU
		Release|Any CPU = Release|Any CPU
	EndGlobalSection
	GlobalSection(ProjectConfigurationPlatforms) = postSolution
		{A9C49ADF-39B6-4172-8FDC-739C3192E2C4}.Debug|Any CPU.ActiveCfg = Debug|Any CPU
		{A9C49ADF-39B6-4172-8FDC-739C3192E2C4}.Debug|Any CPU.Build.0 = Debug|Any CPU
		{A9C49ADF-39B6-4172-8FDC-739C3192E2C4}.Release|Any CPU.ActiveCfg = Release|Any CPU
		{A9C49ADF-39B6-4172-8FDC-739C3192E2C4}.Release|Any CPU.Build.0 = Release|Any CPU
	EndGlobalSection
	GlobalSection(SolutionProperties) = preSolution
		HideSolutionNode = FALSE
	EndGlobalSection
	GlobalSection(ExtensibilityGlobals) = postSolution
		SolutionGuid = {773E418A-ABF0-4C70-B0D4-4ABE99857C37}
	EndGlobalSection
EndGlobal
